
Microsoft Visual Studio Solution File, Format Version 12.00
# Visual Studio Version 17
VisualStudioVersion = 17.3.32825.248
MinimumVisualStudioVersion = 10.0.40219.1
Project("{9A19103F-16F7-4668-BE54-9A1E7A4F7556}") = "Powerplant.API", "Powerplant\Powerplant.API.csproj", "{3E8AD416-DC34-4838-8D52-2CA9BF860E7E}"
EndProject
Project("{9A19103F-16F7-4668-BE54-9A1E7A4F7556}") = "Powerplant.Application", "Powerplant.Application\Powerplant.Application.csproj", "{251D31B4-9FB0-41B2-8FCC-98E031A21B03}"
EndProject
Project("{9A19103F-16F7-4668-BE54-9A1E7A4F7556}") = "Powerplant.Domain", "Powerplant.Domain\Powerplant.Domain.csproj", "{654411AB-ECD8-4558-9E47-6DC65F87F3C8}"
EndProject
Project("{2150E333-8FDC-42A3-9474-1A3956D46DE8}") = "Solution Items", "Solution Items", "{4E5B92C7-6ADA-4C16-B977-8A1B634D0739}"
	ProjectSection(SolutionItems) = preProject
		README.md = README.md
	EndProjectSection
EndProject
Global
	GlobalSection(SolutionConfigurationPlatforms) = preSolution
		Debug|Any CPU = Debug|Any CPU
		Release|Any CPU = Release|Any CPU
	EndGlobalSection
	GlobalSection(ProjectConfigurationPlatforms) = postSolution
		{3E8AD416-DC34-4838-8D52-2CA9BF860E7E}.Debug|Any CPU.ActiveCfg = Debug|Any CPU
		{3E8AD416-DC34-4838-8D52-2CA9BF860E7E}.Debug|Any CPU.Build.0 = Debug|Any CPU
		{3E8AD416-DC34-4838-8D52-2CA9BF860E7E}.Release|Any CPU.ActiveCfg = Release|Any CPU
		{3E8AD416-DC34-4838-8D52-2CA9BF860E7E}.Release|Any CPU.Build.0 = Release|Any CPU
		{251D31B4-9FB0-41B2-8FCC-98E031A21B03}.Debug|Any CPU.ActiveCfg = Debug|Any CPU
		{251D31B4-9FB0-41B2-8FCC-98E031A21B03}.Debug|Any CPU.Build.0 = Debug|Any CPU
		{251D31B4-9FB0-41B2-8FCC-98E031A21B03}.Release|Any CPU.ActiveCfg = Release|Any CPU
		{251D31B4-9FB0-41B2-8FCC-98E031A21B03}.Release|Any CPU.Build.0 = Release|Any CPU
		{654411AB-ECD8-4558-9E47-6DC65F87F3C8}.Debug|Any CPU.ActiveCfg = Debug|Any CPU
		{654411AB-ECD8-4558-9E47-6DC65F87F3C8}.Debug|Any CPU.Build.0 = Debug|Any CPU
		{654411AB-ECD8-4558-9E47-6DC65F87F3C8}.Release|Any CPU.ActiveCfg = Release|Any CPU
		{654411AB-ECD8-4558-9E47-6DC65F87F3C8}.Release|Any CPU.Build.0 = Release|Any CPU
	EndGlobalSection
	GlobalSection(SolutionProperties) = preSolution
		HideSolutionNode = FALSE
	EndGlobalSection
	GlobalSection(ExtensibilityGlobals) = postSolution
		SolutionGuid = {F8C10829-C4D9-4F85-AC82-5421E883E0DA}
	EndGlobalSection
EndGlobal
